
Microsoft Visual Studio Solution File, Format Version 12.00
# Visual Studio Version 17
VisualStudioVersion = 17.11.35312.102
MinimumVisualStudioVersion = 10.0.40219.1
Project("{2150E333-8FDC-42A3-9474-1A3956D46DE8}") = "src", "src", "{F0D77CCE-7158-4B6B-AA23-31550E2A2856}"
EndProject
Project("{2150E333-8FDC-42A3-9474-1A3956D46DE8}") = "Shared", "Shared", "{33C37661-382F-423E-88B4-7D100E39F614}"
EndProject
Project("{FAE04EC0-301F-11D3-BF4B-00C04F79EFBC}") = "Domain", "src\Shared\Domain\Domain.csproj", "{657C0D3A-03D3-4BF4-AB49-6CD415C82ACA}"
EndProject
Project("{9A19103F-16F7-4668-BE54-9A1E7A4F7556}") = "WPF_Koleje_Studenckie_project_Jakub_Bak", "src\WPF_Koleje_Studenckie_project_Jakub_Bak\WPF_Koleje_Studenckie_project_Jakub_Bak.csproj", "{6D728C23-AD0E-4D81-AAFB-F11C1FECD7AB}"
EndProject
Global
	GlobalSection(SolutionConfigurationPlatforms) = preSolution
		Debug|Any CPU = Debug|Any CPU
		Release|Any CPU = Release|Any CPU
	EndGlobalSection
	GlobalSection(ProjectConfigurationPlatforms) = postSolution
		{657C0D3A-03D3-4BF4-AB49-6CD415C82ACA}.Debug|Any CPU.ActiveCfg = Debug|Any CPU
		{657C0D3A-03D3-4BF4-AB49-6CD415C82ACA}.Debug|Any CPU.Build.0 = Debug|Any CPU
		{657C0D3A-03D3-4BF4-AB49-6CD415C82ACA}.Release|Any CPU.ActiveCfg = Release|Any CPU
		{657C0D3A-03D3-4BF4-AB49-6CD415C82ACA}.Release|Any CPU.Build.0 = Release|Any CPU
		{6D728C23-AD0E-4D81-AAFB-F11C1FECD7AB}.Debug|Any CPU.ActiveCfg = Debug|Any CPU
		{6D728C23-AD0E-4D81-AAFB-F11C1FECD7AB}.Debug|Any CPU.Build.0 = Debug|Any CPU
		{6D728C23-AD0E-4D81-AAFB-F11C1FECD7AB}.Release|Any CPU.ActiveCfg = Release|Any CPU
		{6D728C23-AD0E-4D81-AAFB-F11C1FECD7AB}.Release|Any CPU.Build.0 = Release|Any CPU
	EndGlobalSection
	GlobalSection(SolutionProperties) = preSolution
		HideSolutionNode = FALSE
	EndGlobalSection
	GlobalSection(NestedProjects) = preSolution
		{33C37661-382F-423E-88B4-7D100E39F614} = {F0D77CCE-7158-4B6B-AA23-31550E2A2856}
		{657C0D3A-03D3-4BF4-AB49-6CD415C82ACA} = {33C37661-382F-423E-88B4-7D100E39F614}
		{6D728C23-AD0E-4D81-AAFB-F11C1FECD7AB} = {F0D77CCE-7158-4B6B-AA23-31550E2A2856}
	EndGlobalSection
	GlobalSection(ExtensibilityGlobals) = postSolution
		SolutionGuid = {183BD55E-67FF-4C4B-8AF0-0822A13A461E}
	EndGlobalSection
EndGlobal
